{
  "name": "pdf",
  "lockfileVersion": 3,
  "requires": true,
  "packages": {
    "": {
      "dependencies": {
        "wkhtmltoimage": "^0.1.5"
      }
    },
    "node_modules/wkhtmltoimage": {
      "version": "0.1.5",
      "resolved": "https://registry.npmjs.org/wkhtmltoimage/-/wkhtmltoimage-0.1.5.tgz",
      "integrity": "sha512-foJt2a6gVE0vHOimD+jOV1d9GznaWx/X5OeS1XgE2SuHngMTXYYmCaYtI6U9TmS0MWpdwR/9B/SmZUiGEsT5dw==",
      "engines": {
        "node": ">=0.6"
      }
    }
  }
}
